
Microsoft Visual Studio Solution File, Format Version 12.00
# Visual Studio Version 16
VisualStudioVersion = 16.0.31702.278
MinimumVisualStudioVersion = 10.0.40219.1
Project("{FAE04EC0-301F-11D3-BF4B-00C04F79EFBC}") = "WpfApp16", "WpfApp16\WpfApp16.csproj", "{BFBBC6C7-C614-462E-BF2B-EA325ABA607F}"
EndProject
Global
	GlobalSection(SolutionConfigurationPlatforms) = preSolution
		Debug|Any CPU = Debug|Any CPU
		Release|Any CPU = Release|Any CPU
	EndGlobalSection
	GlobalSection(ProjectConfigurationPlatforms) = postSolution
		{BFBBC6C7-C614-462E-BF2B-EA325ABA607F}.Debug|Any CPU.ActiveCfg = Debug|Any CPU
		{BFBBC6C7-C614-462E-BF2B-EA325ABA607F}.Debug|Any CPU.Build.0 = Debug|Any CPU
		{BFBBC6C7-C614-462E-BF2B-EA325ABA607F}.Release|Any CPU.ActiveCfg = Release|Any CPU
		{BFBBC6C7-C614-462E-BF2B-EA325ABA607F}.Release|Any CPU.Build.0 = Release|Any CPU
	EndGlobalSection
	GlobalSection(SolutionProperties) = preSolution
		HideSolutionNode = FALSE
	EndGlobalSection
	GlobalSection(ExtensibilityGlobals) = postSolution
		SolutionGuid = {FB496BDB-2E38-47AB-849F-F0808B29EA2A}
	EndGlobalSection
EndGlobal
